{
  "name": "shellscripts",
  "lockfileVersion": 3,
  "requires": true,
  "packages": {
    "": {
      "dependencies": {
        "interfacelift-downloader": "^2.4.0"
      }
    },
    "node_modules/interfacelift-downloader": {
      "version": "2.4.0",
      "resolved": "https://registry.npmjs.org/interfacelift-downloader/-/interfacelift-downloader-2.4.0.tgz",
      "integrity": "sha512-2lp1GsqtFRJR7mVE5ecEu86QgD9ZfIA1xD07hjgh0E3FZBxlLibVi96/1guu2r1HjOz/CL/vI3JsY360tAdHhw==",
      "bin": {
        "interfacelift-downloader": "bin/interfacelift-downloader"
      },
      "engines": {
        "node": ">= 0.8.0"
      }
    }
  }
}
